
Microsoft Visual Studio Solution File, Format Version 12.00
# Visual Studio Version 17
VisualStudioVersion = 17.5.33627.172
MinimumVisualStudioVersion = 10.0.40219.1
Project("{FAE04EC0-301F-11D3-BF4B-00C04F79EFBC}") = "MyProject", "MyProject\MyProject.csproj", "{C8E783AF-006E-44D7-9AD8-CB37B04E5327}"
EndProject
Global
	GlobalSection(SolutionConfigurationPlatforms) = preSolution
		Debug|Any CPU = Debug|Any CPU
		Release|Any CPU = Release|Any CPU
	EndGlobalSection
	GlobalSection(ProjectConfigurationPlatforms) = postSolution
		{C8E783AF-006E-44D7-9AD8-CB37B04E5327}.Debug|Any CPU.ActiveCfg = Debug|Any CPU
		{C8E783AF-006E-44D7-9AD8-CB37B04E5327}.Debug|Any CPU.Build.0 = Debug|Any CPU
		{C8E783AF-006E-44D7-9AD8-CB37B04E5327}.Release|Any CPU.ActiveCfg = Release|Any CPU
		{C8E783AF-006E-44D7-9AD8-CB37B04E5327}.Release|Any CPU.Build.0 = Release|Any CPU
	EndGlobalSection
	GlobalSection(SolutionProperties) = preSolution
		HideSolutionNode = FALSE
	EndGlobalSection
	GlobalSection(ExtensibilityGlobals) = postSolution
		SolutionGuid = {953DEC35-5F23-45D9-94B5-9B23C239F711}
	EndGlobalSection
EndGlobal
